
Microsoft Visual Studio Solution File, Format Version 12.00
# Visual Studio Version 16
VisualStudioVersion = 16.0.30907.101
MinimumVisualStudioVersion = 10.0.40219.1
Project("{FAE04EC0-301F-11D3-BF4B-00C04F79EFBC}") = "MvcKutuphane", "MvcKutuphane\MvcKutuphane.csproj", "{36AEAFEC-DFF4-43A4-B299-27906D05D0BA}"
EndProject
Project("{2150E333-8FDC-42A3-9474-1A3956D46DE8}") = "Solution Items", "Solution Items", "{3258D7E0-9EAF-4A08-9E38-D3D489131759}"
	ProjectSection(SolutionItems) = preProject
		DBKUTUPHANE.bak = DBKUTUPHANE.bak
	EndProjectSection
EndProject
Global
	GlobalSection(SolutionConfigurationPlatforms) = preSolution
		Debug|Any CPU = Debug|Any CPU
		Release|Any CPU = Release|Any CPU
	EndGlobalSection
	GlobalSection(ProjectConfigurationPlatforms) = postSolution
		{36AEAFEC-DFF4-43A4-B299-27906D05D0BA}.Debug|Any CPU.ActiveCfg = Debug|Any CPU
		{36AEAFEC-DFF4-43A4-B299-27906D05D0BA}.Debug|Any CPU.Build.0 = Debug|Any CPU
		{36AEAFEC-DFF4-43A4-B299-27906D05D0BA}.Release|Any CPU.ActiveCfg = Release|Any CPU
		{36AEAFEC-DFF4-43A4-B299-27906D05D0BA}.Release|Any CPU.Build.0 = Release|Any CPU
	EndGlobalSection
	GlobalSection(SolutionProperties) = preSolution
		HideSolutionNode = FALSE
	EndGlobalSection
	GlobalSection(ExtensibilityGlobals) = postSolution
		SolutionGuid = {BA067F67-5D9C-42CC-BD49-D97B12B52FFC}
	EndGlobalSection
EndGlobal
